
Microsoft Visual Studio Solution File, Format Version 12.00
# Visual Studio Version 16
VisualStudioVersion = 16.0.30804.86
MinimumVisualStudioVersion = 10.0.40219.1
Project("{9A19103F-16F7-4668-BE54-9A1E7A4F7556}") = "Utilities", "Utilities\Utilities.csproj", "{8F5F6D95-982A-4D3B-8C51-701195AB0E7F}"
EndProject
Project("{9A19103F-16F7-4668-BE54-9A1E7A4F7556}") = "Utilities.XUnitTests", "Utilities.XUnitTests\Utilities.XUnitTests.csproj", "{04A72E72-49B5-4844-BE12-8F627A86CC76}"
EndProject
Project("{2150E333-8FDC-42A3-9474-1A3956D46DE8}") = "Solution Items", "Solution Items", "{21E24283-6227-4524-8CDB-E897248641FC}"
	ProjectSection(SolutionItems) = preProject
		.editorconfig = .editorconfig
		appveyor.yml = appveyor.yml
		build.ps1 = build.ps1
		LICENSE = LICENSE
		README.md = README.md
		SECURITY.md = SECURITY.md
	EndProjectSection
EndProject
Global
	GlobalSection(SolutionConfigurationPlatforms) = preSolution
		Debug|Any CPU = Debug|Any CPU
		Release|Any CPU = Release|Any CPU
	EndGlobalSection
	GlobalSection(ProjectConfigurationPlatforms) = postSolution
		{8F5F6D95-982A-4D3B-8C51-701195AB0E7F}.Debug|Any CPU.ActiveCfg = Debug|Any CPU
		{8F5F6D95-982A-4D3B-8C51-701195AB0E7F}.Debug|Any CPU.Build.0 = Debug|Any CPU
		{8F5F6D95-982A-4D3B-8C51-701195AB0E7F}.Release|Any CPU.ActiveCfg = Release|Any CPU
		{8F5F6D95-982A-4D3B-8C51-701195AB0E7F}.Release|Any CPU.Build.0 = Release|Any CPU
		{04A72E72-49B5-4844-BE12-8F627A86CC76}.Debug|Any CPU.ActiveCfg = Debug|Any CPU
		{04A72E72-49B5-4844-BE12-8F627A86CC76}.Debug|Any CPU.Build.0 = Debug|Any CPU
		{04A72E72-49B5-4844-BE12-8F627A86CC76}.Release|Any CPU.ActiveCfg = Release|Any CPU
		{04A72E72-49B5-4844-BE12-8F627A86CC76}.Release|Any CPU.Build.0 = Release|Any CPU
	EndGlobalSection
	GlobalSection(SolutionProperties) = preSolution
		HideSolutionNode = FALSE
	EndGlobalSection
	GlobalSection(ExtensibilityGlobals) = postSolution
		SolutionGuid = {08328848-EB20-4DFB-9FCC-CB0FCE12360E}
	EndGlobalSection
EndGlobal
